
Microsoft Visual Studio Solution File, Format Version 12.00
# Visual Studio 14
VisualStudioVersion = 14.0.25420.1
MinimumVisualStudioVersion = 10.0.40219.1
Project("{00D1A9C2-B5F0-4AF3-8072-F6C62B433612}") = "DataBase", "Database\DataBase.sqlproj", "{41AC531D-766F-4DFB-B4A0-86DE36894580}"
EndProject
Project("{FAE04EC0-301F-11D3-BF4B-00C04F79EFBC}") = "Logic", "Logic\Logic.csproj", "{EFB6EC58-8159-4109-956B-93F1A946C970}"
EndProject
Project("{FAE04EC0-301F-11D3-BF4B-00C04F79EFBC}") = "Console", "Console\Console.csproj", "{4E4DDD76-5AAB-4702-91FE-FC9576C33790}"
EndProject
Project("{FAE04EC0-301F-11D3-BF4B-00C04F79EFBC}") = "Blog", "Blog\Blog.csproj", "{B97D327A-630D-48C7-AD47-D7DD6BCCED6A}"
EndProject
Project("{FAE04EC0-301F-11D3-BF4B-00C04F79EFBC}") = "AboutUs", "AboutUs\AboutUs.csproj", "{C5A0E49B-DDF6-46EC-8329-1E4C613A8B98}"
EndProject
Global
	GlobalSection(SolutionConfigurationPlatforms) = preSolution
		Debug|Any CPU = Debug|Any CPU
		Release|Any CPU = Release|Any CPU
	EndGlobalSection
	GlobalSection(ProjectConfigurationPlatforms) = postSolution
		{41AC531D-766F-4DFB-B4A0-86DE36894580}.Debug|Any CPU.ActiveCfg = Debug|Any CPU
		{41AC531D-766F-4DFB-B4A0-86DE36894580}.Debug|Any CPU.Build.0 = Debug|Any CPU
		{41AC531D-766F-4DFB-B4A0-86DE36894580}.Debug|Any CPU.Deploy.0 = Debug|Any CPU
		{41AC531D-766F-4DFB-B4A0-86DE36894580}.Release|Any CPU.ActiveCfg = Release|Any CPU
		{41AC531D-766F-4DFB-B4A0-86DE36894580}.Release|Any CPU.Build.0 = Release|Any CPU
		{41AC531D-766F-4DFB-B4A0-86DE36894580}.Release|Any CPU.Deploy.0 = Release|Any CPU
		{EFB6EC58-8159-4109-956B-93F1A946C970}.Debug|Any CPU.ActiveCfg = Debug|Any CPU
		{EFB6EC58-8159-4109-956B-93F1A946C970}.Debug|Any CPU.Build.0 = Debug|Any CPU
		{EFB6EC58-8159-4109-956B-93F1A946C970}.Release|Any CPU.ActiveCfg = Release|Any CPU
		{EFB6EC58-8159-4109-956B-93F1A946C970}.Release|Any CPU.Build.0 = Release|Any CPU
		{4E4DDD76-5AAB-4702-91FE-FC9576C33790}.Debug|Any CPU.ActiveCfg = Debug|Any CPU
		{4E4DDD76-5AAB-4702-91FE-FC9576C33790}.Debug|Any CPU.Build.0 = Debug|Any CPU
		{4E4DDD76-5AAB-4702-91FE-FC9576C33790}.Release|Any CPU.ActiveCfg = Release|Any CPU
		{4E4DDD76-5AAB-4702-91FE-FC9576C33790}.Release|Any CPU.Build.0 = Release|Any CPU
		{B97D327A-630D-48C7-AD47-D7DD6BCCED6A}.Debug|Any CPU.ActiveCfg = Debug|Any CPU
		{B97D327A-630D-48C7-AD47-D7DD6BCCED6A}.Debug|Any CPU.Build.0 = Debug|Any CPU
		{B97D327A-630D-48C7-AD47-D7DD6BCCED6A}.Release|Any CPU.ActiveCfg = Release|Any CPU
		{B97D327A-630D-48C7-AD47-D7DD6BCCED6A}.Release|Any CPU.Build.0 = Release|Any CPU
		{C5A0E49B-DDF6-46EC-8329-1E4C613A8B98}.Debug|Any CPU.ActiveCfg = Debug|Any CPU
		{C5A0E49B-DDF6-46EC-8329-1E4C613A8B98}.Debug|Any CPU.Build.0 = Debug|Any CPU
		{C5A0E49B-DDF6-46EC-8329-1E4C613A8B98}.Release|Any CPU.ActiveCfg = Release|Any CPU
		{C5A0E49B-DDF6-46EC-8329-1E4C613A8B98}.Release|Any CPU.Build.0 = Release|Any CPU
	EndGlobalSection
	GlobalSection(SolutionProperties) = preSolution
		HideSolutionNode = FALSE
	EndGlobalSection
EndGlobal
